github.com/Zate/gogasm/rcon v0.0.0-20190129055018-ed56df3b1745 h1:dWQy2qkjVH5xKsXKSoaPG2g8+DkNe2WcIkIUH4NruPY=
github.com/Zate/gogasm/rcon v0.0.0-20190129055018-ed56df3b1745/go.mod h1:BNNu7j6hr0Hj6a6DonQBpdfquIE+5oQN3mSeGvKj6Yc=
github.com/davecgh/go-spew v1.1.0 h1:ZDRjVQ15GmhC3fiQ8ni8+OwkZQO4DARzQgrnXU1Liz8=
github.com/davecgh/go-spew v1.1.0/go.mod h1:J7Y8YcW2NihsgmVo/mv3lAwl/skON4iLHjSsI+c5H38=
github.com/dgrijalva/jwt-go v3.2.0+incompatible h1:7qlOGliEKZXTDg6OTjfoBKDXWrumCAMpl/TFQ4/5kLM=
github.com/dgrijalva/jwt-go v3.2.0+incompatible/go.mod h1:E3ru+11k8xSBh+hMPgOLZmtrrCbhqsmaPHjLKYnJCaQ=
github.com/dustin/go-humanize v1.0.0 h1:VSnTsYCnlFHaM2/igO1h6X3HA71jcobQuxemgkq4zYo=
github.com/dustin/go-humanize v1.0.0/go.mod h1:HtrtbFcZ19U5GC7JDqmcUSB87Iq5E25KnS6fMYU6eOk=
github.com/dustin/go-jsonpointer v0.0.0-20160814072949-ba0abeacc3dc h1:tP7tkU+vIsEOKiK+l/NSLN4uUtkyuxc6hgYpQeCWAeI=
github.com/dustin/go-jsonpointer v0.0.0-20160814072949-ba0abeacc3dc/go.mod h1:ORH5Qp2bskd9NzSfKqAF7tKfONsEkCarTE5ESr/RVBw=
github.com/dustin/gojson v0.0.0-20160307161227-2e71ec9dd5ad h1:Qk76DOWdOp+GlyDKBAG3Klr9cn7N+LcYc82AZ2S7+cA=
github.com/dustin/gojson v0.0.0-20160307161227-2e71ec9dd5ad/go.mod h1:mPKfmRa823oBIgl2r20LeMSpTAteW5j7FLkc0vjmzyQ=
github.com/dustin/gomemcached v0.0.0-20160817010731-a2284a01c143 h1:K9CFK8HRZWzmoIWbpA7u0XYLggCyfa/N77eVaq/nUiA=
github.com/dustin/gomemcached v0.0.0-20160817010731-a2284a01c143/go.mod h1:BLhrehfVmtABJWBZTJV8HyPWCSZoiMzjjcZ3+vHHhPI=
github.com/dustin/httputil v0.0.0-20170305193905-c47743f54f89 h1:A740DRjmFFdm3+GeYVfs4QN/QMOAbMw8KdsZMDhUCjQ=
github.com/dustin/httputil v0.0.0-20170305193905-c47743f54f89/go.mod h1:ZoDWdnxro8Kesk3zrCNOHNFWtajFPSnDMjVEjGjQu/0=
github.com/dustin/seriesly v0.0.0-20150917235547-e5ee8fc0b249 h1:DBqKtMKTqHcXJVPOnjtRbk5bKiKPRvbMI5Ugaz3es6E=
github.com/dustin/seriesly v0.0.0-20150917235547-e5ee8fc0b249/go.mod h1:hIU1fkhOo3UnPdC7sfUptmGETox1L2IMb1cMT/pxWGg=
github.com/dustin/yellow v0.0.0-20140729025043-2ce7236602be h1:DZ8SAQ00fh7WP4xeSyBI3axJp/zGuqWB7UqEQ9HhwOM=
github.com/dustin/yellow v0.0.0-20140729025043-2ce7236602be/go.mod h1:rVYQx0MWmw9W+cHID/4Eo8GPxI7/nLfQOzgg7BTcMVg=
github.com/golang/snappy v0.0.0-20180518054509-2e65f85255db h1:woRePGFeVFfLKN/pOkfl+p/TAqKOfFu+7KPlMVpok/w=
github.com/golang/snappy v0.0.0-20180518054509-2e65f85255db/go.mod h1:/XxbfmMg8lxefKM7IXC3fBNl/7bRcc72aCRzEWrmP2Q=
github.com/labstack/echo v3.3.10+incompatible h1:pGRcYk231ExFAyoAjAfD85kQzRJCRI8bbnE7CX5OEgg=
github.com/labstack/echo v3.3.10+incompatible/go.mod h1:0INS7j/VjnFxD4E2wkz67b8cVwCLbBmJyDaka6Cmk1s=
github.com/labstack/gommon v0.2.8 h1:JvRqmeZcfrHC5u6uVleB4NxxNbzx6gpbJiQknDbKQu0=
github.com/labstack/gommon v0.2.8/go.mod h1:/tj9csK2iPSBvn+3NLM9e52usepMtrd5ilFYA+wQNJ4=
github.com/mattn/go-colorable v0.0.9 h1:UVL0vNpWh04HeJXV0KLcaT7r06gOH2l4OW6ddYRUIY4=
github.com/mattn/go-colorable v0.0.9/go.mod h1:9vuHe8Xs5qXnSaW/c/ABM9alt+Vo+STaOChaDxuIBZU=
github.com/mattn/go-isatty v0.0.4 h1:bnP0vzxcAdeI1zdubAl5PjU6zsERjGZb7raWodagDYs=
github.com/mattn/go-isatty v0.0.4/go.mod h1:M+lRXTBqGeGNdLjl/ufCoiOlB5xdOkqRJdNxMWT7Zi4=
github.com/mschoch/gouchstore v0.0.0-20151012155121-ebc3bea732ff h1:0+Y84ybhsHTO/hcGSPURFaOrPlex+k2r3vCjIm4QXas=
github.com/mschoch/gouchstore v0.0.0-20151012155121-ebc3bea732ff/go.mod h1:Og0P4z6UlOfm+5QQ8xB1Z9amlpMmtQgyiWUBDNwLEEM=
github.com/mschoch/mergesort v0.0.0-20140321150500-46d4b13617d1 h1:wVPBgrtNTXCgXxjR+rX3RDcLQWRI6m7iVMj0T0JZ0+Q=
github.com/mschoch/mergesort v0.0.0-20140321150500-46d4b13617d1/go.mod h1:IPExho5x4gyRel+yHK6qKjDu2snAEOKYrRqk7MFHjMc=
github.com/pmezard/go-difflib v1.0.0 h1:4DBwDE0NGyQoBHbLQYPwSUPoCMWR5BEzIk/f1lZbAQM=
github.com/pmezard/go-difflib v1.0.0/go.mod h1:iKH77koFhYxTK1pcRnkKkqfTogsbg7gZNVY4sRDYZ/4=
github.com/stretchr/objx v0.1.0/go.mod h1:HFkY916IF+rwdDfMAkV7OtwuqBVzrE8GR6GFx+wExME=
github.com/stretchr/testify v1.3.0 h1:TivCn/peBQ7UY8ooIcPgZFpTNSz0Q2U6UrFlUfqbe0Q=
github.com/stretchr/testify v1.3.0/go.mod h1:M5WIy9Dh21IEIfnGCwXGc5bZfKNJtfHm1UVUgZn+9EI=
github.com/valyala/bytebufferpool v1.0.0 h1:GqA5TC/0021Y/b9FG4Oi9Mr3q7XYx6KllzawFIhcdPw=
github.com/valyala/bytebufferpool v1.0.0/go.mod h1:6bBcMArwyJ5K/AmCkWv1jt77kVWyCJ6HpOuEn7z0Csc=
github.com/valyala/fasttemplate v0.0.0-20170224212429-dcecefd839c4 h1:gKMu1Bf6QINDnvyZuTaACm9ofY+PRh+5vFz4oxBZeF8=
github.com/valyala/fasttemplate v0.0.0-20170224212429-dcecefd839c4/go.mod h1:50wTf68f99/Zt14pr046Tgt3Lp2vLyFZKzbFXTOabXw=
golang.org/x/crypto v0.0.0-20190129210102-ccddf3741a0c h1:MWY7h75sb9ioBR+s5Zgq1JYXxhbZvrSP2okwLi3ItmI=
golang.org/x/crypto v0.0.0-20190129210102-ccddf3741a0c/go.mod h1:6SG95UA2DQfeDnfUPMdvaQW0Q7yPrPDi9nlGo2tz2b4=
golang.org/x/sys v0.0.0-20190124100055-b90733256f2e h1:3GIlrlVLfkoipSReOMNAgApI0ajnalyLa/EZHHca/XI=
golang.org/x/sys v0.0.0-20190124100055-b90733256f2e/go.mod h1:STP8DvDyc/dI5b8T5hshtkjS+E42TnysNCUPdjciGhY=
